
Microsoft Visual Studio Solution File, Format Version 12.00
# Visual Studio 2013
VisualStudioVersion = 12.0.21005.1
MinimumVisualStudioVersion = 10.0.40219.1
Project("{FAE04EC0-301F-11D3-BF4B-00C04F79EFBC}") = "File_read_and_write", "File_read_and_write\File_read_and_write.csproj", "{C10C0431-1D79-46EA-B824-71A31194CCDE}"
EndProject
Project("{FAE04EC0-301F-11D3-BF4B-00C04F79EFBC}") = "TxtEditApp", "C:\Users\Administrator\Desktop\036634-01\第6章\TxtEditApp\TxtEditApp\TxtEditApp.csproj", "{DEF82093-2BFD-4CD7-937E-0D44F3B6E690}"
EndProject
Global
	GlobalSection(SolutionConfigurationPlatforms) = preSolution
		Debug|Any CPU = Debug|Any CPU
		Release|Any CPU = Release|Any CPU
	EndGlobalSection
	GlobalSection(ProjectConfigurationPlatforms) = postSolution
		{C10C0431-1D79-46EA-B824-71A31194CCDE}.Debug|Any CPU.ActiveCfg = Debug|Any CPU
		{C10C0431-1D79-46EA-B824-71A31194CCDE}.Debug|Any CPU.Build.0 = Debug|Any CPU
		{C10C0431-1D79-46EA-B824-71A31194CCDE}.Release|Any CPU.ActiveCfg = Release|Any CPU
		{C10C0431-1D79-46EA-B824-71A31194CCDE}.Release|Any CPU.Build.0 = Release|Any CPU
		{DEF82093-2BFD-4CD7-937E-0D44F3B6E690}.Debug|Any CPU.ActiveCfg = Debug|Any CPU
		{DEF82093-2BFD-4CD7-937E-0D44F3B6E690}.Debug|Any CPU.Build.0 = Debug|Any CPU
		{DEF82093-2BFD-4CD7-937E-0D44F3B6E690}.Release|Any CPU.ActiveCfg = Release|Any CPU
		{DEF82093-2BFD-4CD7-937E-0D44F3B6E690}.Release|Any CPU.Build.0 = Release|Any CPU
	EndGlobalSection
	GlobalSection(SolutionProperties) = preSolution
		HideSolutionNode = FALSE
	EndGlobalSection
EndGlobal
